{
  "version": 4,
  "terraform_version": "1.3.7",
  "serial": 294,
  "lineage": "3d8775ab-5a61-d08f-44bb-de69bb11e435",
  "outputs": {
    "database_password": {
      "value": "AVNS_xlk9NddMT54jkrgcHZm",
      "type": "string",
      "sensitive": true
    },
    "database_uri": {
      "value": "postgresql://doadmin:AVNS_2kHjKYrRc8MhbCYlO4D@postgres-cluster-do-user-13478186-0.b.db.ondigitalocean.com:25060/defaultdb?sslmode=require",
      "type": "string",
      "sensitive": true
    },
    "droplet_ip": {
      "value": [
        "142.93.232.238"
      ],
      "type": [
        "tuple",
        [
          "string"
        ]
      ]
    },
    "load_balance_ip": {
      "value": "188.166.203.7",
      "type": "string"
    }
  },
  "resources": [
    {
      "mode": "managed",
      "type": "digitalocean_database_cluster",
      "name": "postgres",
      "provider": "provider[\"registry.terraform.io/digitalocean/digitalocean\"]",
      "instances": [
        {
          "schema_version": 0,
          "attributes": {
            "database": "defaultdb",
            "engine": "pg",
            "eviction_policy": null,
            "host": "postgres-cluster-do-user-13478186-0.b.db.ondigitalocean.com",
            "id": "48f0bd74-3df5-42c7-8b7d-55e67decde14",
            "maintenance_window": [],
            "name": "postgres-cluster",
            "node_count": 1,
            "password": "AVNS_2kHjKYrRc8MhbCYlO4D",
            "port": 25060,
            "private_host": "private-postgres-cluster-do-user-13478186-0.b.db.ondigitalocean.com",
            "private_network_uuid": "7971bdc7-c370-40e8-9c58-acb28e456224",
            "private_uri": "postgresql://doadmin:AVNS_2kHjKYrRc8MhbCYlO4D@private-postgres-cluster-do-user-13478186-0.b.db.ondigitalocean.com:25060/defaultdb?sslmode=require",
            "region": "ams3",
            "size": "db-s-1vcpu-1gb",
            "sql_mode": null,
            "tags": [],
            "timeouts": null,
            "uri": "postgresql://doadmin:AVNS_2kHjKYrRc8MhbCYlO4D@postgres-cluster-do-user-13478186-0.b.db.ondigitalocean.com:25060/defaultdb?sslmode=require",
            "urn": "do:dbaas:48f0bd74-3df5-42c7-8b7d-55e67decde14",
            "user": "doadmin",
            "version": "12"
          },
          "sensitive_attributes": [],
          "private": "eyJlMmJmYjczMC1lY2FhLTExZTYtOGY4OC0zNDM2M2JjN2M0YzAiOnsiY3JlYXRlIjoxODAwMDAwMDAwMDAwfX0=",
          "create_before_destroy": true
        }
      ]
    },
    {
      "mode": "managed",
      "type": "digitalocean_database_db",
      "name": "database",
      "provider": "provider[\"registry.terraform.io/digitalocean/digitalocean\"]",
      "instances": [
        {
          "schema_version": 0,
          "attributes": {
            "cluster_id": "48f0bd74-3df5-42c7-8b7d-55e67decde14",
            "id": "48f0bd74-3df5-42c7-8b7d-55e67decde14/database/Limerick",
            "name": "Limerick"
          },
          "sensitive_attributes": [],
          "private": "bnVsbA==",
          "dependencies": [
            "digitalocean_database_cluster.postgres"
          ]
        }
      ]
    },
    {
      "mode": "managed",
      "type": "digitalocean_database_firewall",
      "name": "postgres_firewall",
      "provider": "provider[\"registry.terraform.io/digitalocean/digitalocean\"]",
      "instances": [
        {
          "schema_version": 0,
          "attributes": {
            "cluster_id": "48f0bd74-3df5-42c7-8b7d-55e67decde14",
            "id": "48f0bd74-3df5-42c7-8b7d-55e67decde14-20230307044046654200000001",
            "rule": [
              {
                "created_at": "2023-03-07T04:40:46Z",
                "type": "tag",
                "uuid": "d5c92f60-8eff-4d2e-92fb-41b4c0f8a785",
                "value": "webserver"
              }
            ]
          },
          "sensitive_attributes": [],
          "private": "bnVsbA==",
          "dependencies": [
            "digitalocean_database_cluster.postgres"
          ]
        }
      ]
    },
    {
      "mode": "managed",
      "type": "digitalocean_database_user",
      "name": "username",
      "provider": "provider[\"registry.terraform.io/digitalocean/digitalocean\"]",
      "instances": [
        {
          "schema_version": 0,
          "attributes": {
            "cluster_id": "48f0bd74-3df5-42c7-8b7d-55e67decde14",
            "id": "48f0bd74-3df5-42c7-8b7d-55e67decde14/user/ireland",
            "mysql_auth_plugin": null,
            "name": "ireland",
            "password": "AVNS_xlk9NddMT54jkrgcHZm",
            "role": "normal"
          },
          "sensitive_attributes": [],
          "private": "bnVsbA==",
          "dependencies": [
            "digitalocean_database_cluster.postgres"
          ]
        }
      ]
    },
    {
      "mode": "managed",
      "type": "digitalocean_domain",
      "name": "subdomain",
      "provider": "provider[\"registry.terraform.io/digitalocean/digitalocean\"]",
      "instances": [
        {
          "schema_version": 0,
          "attributes": {
            "id": "terraform.terraform.com",
            "ip_address": "188.166.203.7",
            "name": "terraform.terraform.com",
            "ttl": 1800,
            "urn": "do:domain:terraform.terraform.com"
          },
          "sensitive_attributes": [],
          "private": "bnVsbA==",
          "dependencies": [
            "digitalocean_database_cluster.postgres",
            "digitalocean_droplet.web",
            "digitalocean_loadbalancer.public"
          ]
        }
      ]
    },
    {
      "mode": "managed",
      "type": "digitalocean_droplet",
      "name": "web",
      "provider": "provider[\"registry.terraform.io/digitalocean/digitalocean\"]",
      "instances": [
        {
          "index_key": 0,
          "schema_version": 1,
          "attributes": {
            "backups": false,
            "created_at": "2023-03-07T20:03:18Z",
            "disk": 25,
            "droplet_agent": null,
            "graceful_shutdown": false,
            "id": "344324156",
            "image": "ubuntu-20-04-x64",
            "ipv4_address": "142.93.232.238",
            "ipv4_address_private": "10.110.0.6",
            "ipv6": false,
            "ipv6_address": "",
            "locked": false,
            "memory": 1024,
            "monitoring": false,
            "name": "terraform",
            "price_hourly": 0.00893,
            "price_monthly": 6,
            "private_networking": true,
            "region": "ams3",
            "resize_disk": true,
            "size": "s-1vcpu-1gb",
            "ssh_keys": [
              "05:d1:cd:7a:66:dd:95:05:bd:e0:48:b9:b6:e8:b6:62"
            ],
            "status": "active",
            "tags": [
              "webserver"
            ],
            "timeouts": null,
            "urn": "do:droplet:344324156",
            "user_data": null,
            "vcpus": 1,
            "volume_ids": [],
            "vpc_uuid": "7971bdc7-c370-40e8-9c58-acb28e456224"
          },
          "sensitive_attributes": [],
          "private": "eyJlMmJmYjczMC1lY2FhLTExZTYtOGY4OC0zNDM2M2JjN2M0YzAiOnsiY3JlYXRlIjozNjAwMDAwMDAwMDAwLCJkZWxldGUiOjYwMDAwMDAwMDAwLCJ1cGRhdGUiOjM2MDAwMDAwMDAwMDB9LCJzY2hlbWFfdmVyc2lvbiI6IjEifQ==",
          "dependencies": [
            "digitalocean_database_cluster.postgres"
          ],
          "create_before_destroy": true
        }
      ]
    },
    {
      "mode": "managed",
      "type": "digitalocean_firewall",
      "name": "web",
      "provider": "provider[\"registry.terraform.io/digitalocean/digitalocean\"]",
      "instances": [
        {
          "schema_version": 0,
          "attributes": {
            "created_at": "2023-03-07T04:42:32Z",
            "droplet_ids": [
              344324156
            ],
            "id": "d91c0e38-3ffc-4160-94c3-ac072579c7c4",
            "inbound_rule": [
              {
                "port_range": "22",
                "protocol": "tcp",
                "source_addresses": [],
                "source_droplet_ids": [],
                "source_kubernetes_ids": [],
                "source_load_balancer_uids": [
                  "1a80cf4d-3585-4308-90ea-fbbbfd11ea18"
                ],
                "source_tags": []
              },
              {
                "port_range": "22",
                "protocol": "tcp",
                "source_addresses": [],
                "source_droplet_ids": [],
                "source_kubernetes_ids": [],
                "source_load_balancer_uids": [],
                "source_tags": []
              },
              {
                "port_range": "80",
                "protocol": "tcp",
                "source_addresses": [],
                "source_droplet_ids": [],
                "source_kubernetes_ids": [],
                "source_load_balancer_uids": [
                  "1a80cf4d-3585-4308-90ea-fbbbfd11ea18"
                ],
                "source_tags": []
              }
            ],
            "name": "braum",
            "outbound_rule": [
              {
                "destination_addresses": [
                  "0.0.0.0/0",
                  "::/0"
                ],
                "destination_droplet_ids": [],
                "destination_kubernetes_ids": [],
                "destination_load_balancer_uids": [],
                "destination_tags": [],
                "port_range": "1-65535",
                "protocol": "tcp"
              },
              {
                "destination_addresses": [
                  "0.0.0.0/0",
                  "::/0"
                ],
                "destination_droplet_ids": [],
                "destination_kubernetes_ids": [],
                "destination_load_balancer_uids": [],
                "destination_tags": [],
                "port_range": "1-65535",
                "protocol": "udp"
              }
            ],
            "pending_changes": [
              {
                "droplet_id": 344211090,
                "removing": true,
                "status": "waiting"
              },
              {
                "droplet_id": 344324156,
                "removing": false,
                "status": "waiting"
              }
            ],
            "status": "waiting",
            "tags": []
          },
          "sensitive_attributes": [],
          "private": "bnVsbA==",
          "dependencies": [
            "digitalocean_database_cluster.postgres",
            "digitalocean_droplet.web",
            "digitalocean_loadbalancer.public"
          ]
        }
      ]
    },
    {
      "mode": "managed",
      "type": "digitalocean_loadbalancer",
      "name": "public",
      "provider": "provider[\"registry.terraform.io/digitalocean/digitalocean\"]",
      "instances": [
        {
          "schema_version": 1,
          "attributes": {
            "algorithm": "round_robin",
            "disable_lets_encrypt_dns_records": false,
            "droplet_ids": [
              344324156
            ],
            "droplet_tag": "",
            "enable_backend_keepalive": false,
            "enable_proxy_protocol": false,
            "firewall": [],
            "forwarding_rule": [
              {
                "certificate_id": "",
                "certificate_name": "",
                "entry_port": 80,
                "entry_protocol": "http",
                "target_port": 80,
                "target_protocol": "http",
                "tls_passthrough": false
              }
            ],
            "healthcheck": [
              {
                "check_interval_seconds": 10,
                "healthy_threshold": 5,
                "path": "",
                "port": 22,
                "protocol": "tcp",
                "response_timeout_seconds": 5,
                "unhealthy_threshold": 3
              }
            ],
            "http_idle_timeout_seconds": 60,
            "id": "1a80cf4d-3585-4308-90ea-fbbbfd11ea18",
            "ip": "188.166.203.7",
            "name": "hashicourse",
            "project_id": "9cc843ab-0d1a-43ba-b197-2b74d30a16ce",
            "redirect_http_to_https": false,
            "region": "ams3",
            "size": null,
            "size_unit": 1,
            "status": "active",
            "sticky_sessions": [
              {
                "cookie_name": "",
                "cookie_ttl_seconds": 0,
                "type": "none"
              }
            ],
            "urn": "do:loadbalancer:1a80cf4d-3585-4308-90ea-fbbbfd11ea18",
            "vpc_uuid": "7971bdc7-c370-40e8-9c58-acb28e456224"
          },
          "sensitive_attributes": [],
          "private": "eyJzY2hlbWFfdmVyc2lvbiI6IjEifQ==",
          "dependencies": [
            "digitalocean_database_cluster.postgres",
            "digitalocean_droplet.web"
          ]
        }
      ]
    }
  ],
  "check_results": null
}
